
Microsoft Visual Studio Solution File, Format Version 12.00
# Visual Studio Version 17
VisualStudioVersion = 17.3.32929.385
MinimumVisualStudioVersion = 10.0.40219.1
Project("{FAE04EC0-301F-11D3-BF4B-00C04F79EFBC}") = "searchCtgr", "searchCtgr.csproj", "{9E259BF6-675B-479B-884B-A0A010A957E9}"
EndProject
Global
	GlobalSection(SolutionConfigurationPlatforms) = preSolution
		Debug|Any CPU = Debug|Any CPU
		Release|Any CPU = Release|Any CPU
	EndGlobalSection
	GlobalSection(ProjectConfigurationPlatforms) = postSolution
		{9E259BF6-675B-479B-884B-A0A010A957E9}.Debug|Any CPU.ActiveCfg = Debug|Any CPU
		{9E259BF6-675B-479B-884B-A0A010A957E9}.Debug|Any CPU.Build.0 = Debug|Any CPU
		{9E259BF6-675B-479B-884B-A0A010A957E9}.Release|Any CPU.ActiveCfg = Release|Any CPU
		{9E259BF6-675B-479B-884B-A0A010A957E9}.Release|Any CPU.Build.0 = Release|Any CPU
	EndGlobalSection
	GlobalSection(SolutionProperties) = preSolution
		HideSolutionNode = FALSE
	EndGlobalSection
	GlobalSection(ExtensibilityGlobals) = postSolution
		SolutionGuid = {B72059EB-56BA-45FE-AD24-CE1BE9E90FCA}
	EndGlobalSection
EndGlobal
